
Microsoft Visual Studio Solution File, Format Version 12.00
# Visual Studio Version 16
VisualStudioVersion = 16.0.31702.278
MinimumVisualStudioVersion = 10.0.40219.1
Project("{9A19103F-16F7-4668-BE54-9A1E7A4F7556}") = "Day2", "Day2\Day2.csproj", "{6C211C24-6101-4807-9587-D626C8F4B1F0}"
EndProject
Project("{9A19103F-16F7-4668-BE54-9A1E7A4F7556}") = "Template", "Template\Template.csproj", "{024F1945-625A-468B-83EC-94814F99E6FC}"
EndProject
Project("{9A19103F-16F7-4668-BE54-9A1E7A4F7556}") = "Day1", "Day1\Day1\Day1.csproj", "{57FCBC23-1A93-4429-B96F-4557B31348E5}"
EndProject
Global
	GlobalSection(SolutionConfigurationPlatforms) = preSolution
		Debug|Any CPU = Debug|Any CPU
		Release|Any CPU = Release|Any CPU
	EndGlobalSection
	GlobalSection(ProjectConfigurationPlatforms) = postSolution
		{6C211C24-6101-4807-9587-D626C8F4B1F0}.Debug|Any CPU.ActiveCfg = Debug|Any CPU
		{6C211C24-6101-4807-9587-D626C8F4B1F0}.Debug|Any CPU.Build.0 = Debug|Any CPU
		{6C211C24-6101-4807-9587-D626C8F4B1F0}.Release|Any CPU.ActiveCfg = Release|Any CPU
		{6C211C24-6101-4807-9587-D626C8F4B1F0}.Release|Any CPU.Build.0 = Release|Any CPU
		{024F1945-625A-468B-83EC-94814F99E6FC}.Debug|Any CPU.ActiveCfg = Debug|Any CPU
		{024F1945-625A-468B-83EC-94814F99E6FC}.Debug|Any CPU.Build.0 = Debug|Any CPU
		{024F1945-625A-468B-83EC-94814F99E6FC}.Release|Any CPU.ActiveCfg = Release|Any CPU
		{024F1945-625A-468B-83EC-94814F99E6FC}.Release|Any CPU.Build.0 = Release|Any CPU
		{57FCBC23-1A93-4429-B96F-4557B31348E5}.Debug|Any CPU.ActiveCfg = Debug|Any CPU
		{57FCBC23-1A93-4429-B96F-4557B31348E5}.Debug|Any CPU.Build.0 = Debug|Any CPU
		{57FCBC23-1A93-4429-B96F-4557B31348E5}.Release|Any CPU.ActiveCfg = Release|Any CPU
		{57FCBC23-1A93-4429-B96F-4557B31348E5}.Release|Any CPU.Build.0 = Release|Any CPU
	EndGlobalSection
	GlobalSection(SolutionProperties) = preSolution
		HideSolutionNode = FALSE
	EndGlobalSection
	GlobalSection(ExtensibilityGlobals) = postSolution
		SolutionGuid = {1F346481-3D94-4E7B-B38E-EC1BB023BFC9}
	EndGlobalSection
EndGlobal
